
Microsoft Visual Studio Solution File, Format Version 12.00
# Visual Studio Version 17
VisualStudioVersion = 17.7.34221.43
MinimumVisualStudioVersion = 10.0.40219.1
Project("{FAE04EC0-301F-11D3-BF4B-00C04F79EFBC}") = "Pman", "Pman.csproj", "{F35AF4B7-63FA-4245-A5B7-413EAC62EF99}"
EndProject
Global
	GlobalSection(SolutionConfigurationPlatforms) = preSolution
		Debug|Any CPU = Debug|Any CPU
		Release|Any CPU = Release|Any CPU
	EndGlobalSection
	GlobalSection(ProjectConfigurationPlatforms) = postSolution
		{F35AF4B7-63FA-4245-A5B7-413EAC62EF99}.Debug|Any CPU.ActiveCfg = Debug|Any CPU
		{F35AF4B7-63FA-4245-A5B7-413EAC62EF99}.Debug|Any CPU.Build.0 = Debug|Any CPU
		{F35AF4B7-63FA-4245-A5B7-413EAC62EF99}.Release|Any CPU.ActiveCfg = Release|Any CPU
		{F35AF4B7-63FA-4245-A5B7-413EAC62EF99}.Release|Any CPU.Build.0 = Release|Any CPU
	EndGlobalSection
	GlobalSection(SolutionProperties) = preSolution
		HideSolutionNode = FALSE
	EndGlobalSection
	GlobalSection(ExtensibilityGlobals) = postSolution
		SolutionGuid = {3DB178A6-547B-41C8-AA99-81FE6BC7EAEA}
	EndGlobalSection
EndGlobal
